# THIS IS AN AUTOGENERATED FILE. DO NOT EDIT THIS FILE DIRECTLY.
# yarn lockfile v1


"@actions/core@^1.10.1":
  version "1.11.1"
  resolved "https://registry.yarnpkg.com/@actions/core/-/core-1.11.1.tgz#ae683aac5112438021588030efb53b1adb86f172"
  integrity sha512-hXJCSrkwfA46Vd9Z3q4cpEpHB1rL5NG04+/rbqW9d3+CSvtB1tYe8UTpAlixa1vj0m/ULglfEK2UKxMGxCxv5A==
  dependencies:
    "@actions/exec" "^1.1.1"
    "@actions/http-client" "^2.0.1"

"@actions/exec@^1.1.1":
  version "1.1.1"
  resolved "https://registry.yarnpkg.com/@actions/exec/-/exec-1.1.1.tgz#2e43f28c54022537172819a7cf886c844221a611"
  integrity sha512-+sCcHHbVdk93a0XT19ECtO/gIXoxvdsgQLzb2fE2/5sIZmWQuluYyjPQtrtTHdU1YzTZ7bAPN4sITq2xi1679w==
  dependencies:
    "@actions/io" "^1.0.1"

"@actions/http-client@^2.0.1":
  version "2.2.3"
  resolved "https://registry.yarnpkg.com/@actions/http-client/-/http-client-2.2.3.tgz#31fc0b25c0e665754ed39a9f19a8611fc6dab674"
  integrity sha512-mx8hyJi/hjFvbPokCg4uRd4ZX78t+YyRPtnKWwIl+RzNaVuFpQHfmlGVfsKEJN8LwTCvL+DfVgAM04XaHkm6bA==
  dependencies:
    tunnel "^0.0.6"
    undici "^5.25.4"

"@actions/io@^1.0.1":
  version "1.1.3"
  resolved "https://registry.yarnpkg.com/@actions/io/-/io-1.1.3.tgz#4cdb6254da7962b07473ff5c335f3da485d94d71"
  integrity sha512-wi9JjgKLYS7U/z8PPbco+PvTb/nRWjeoFlJ1Qer83k/3C5PHQi28hiVdeE2kHXmIL99mQFawx8qt/JPjZilJ8Q==

"@fastify/busboy@^2.0.0":
  version "2.1.1"
  resolved "https://registry.yarnpkg.com/@fastify/busboy/-/busboy-2.1.1.tgz#b9da6a878a371829a0502c9b6c1c143ef6663f4d"
  integrity sha512-vBZP4NlzfOlerQTnba4aqZoMhE/a9HY7HRqoOPaETQcSQuWEIyZMHGfVu6w9wGtGK5fED5qRs2DteVCjOH60sA==

"@octokit/auth-app@^8.1.0":
  version "8.1.1"
  resolved "https://registry.yarnpkg.com/@octokit/auth-app/-/auth-app-8.1.1.tgz#28b76c2f861b196c1bf050eeecca21c7931dcab1"
  integrity sha512-yW9YUy1cuqWlz8u7908ed498wJFt42VYsYWjvepjojM4BdZSp4t+5JehFds7LfvYi550O/GaUI94rgbhswvxfA==
  dependencies:
    "@octokit/auth-oauth-app" "^9.0.2"
    "@octokit/auth-oauth-user" "^6.0.1"
    "@octokit/request" "^10.0.5"
    "@octokit/request-error" "^7.0.1"
    "@octokit/types" "^15.0.0"
    toad-cache "^3.7.0"
    universal-github-app-jwt "^2.2.0"
    universal-user-agent "^7.0.0"

"@octokit/auth-oauth-app@^9.0.2":
  version "9.0.2"
  resolved "https://registry.yarnpkg.com/@octokit/auth-oauth-app/-/auth-oauth-app-9.0.2.tgz#e21b4501d3ce09cf7fb251b566d95b52a769c9dc"
  integrity sha512-vmjSHeuHuM+OxZLzOuoYkcY3OPZ8erJ5lfswdTmm+4XiAKB5PmCk70bA1is4uwSl/APhRVAv4KHsgevWfEKIPQ==
  dependencies:
    "@octokit/auth-oauth-device" "^8.0.2"
    "@octokit/auth-oauth-user" "^6.0.1"
    "@octokit/request" "^10.0.5"
    "@octokit/types" "^15.0.0"
    universal-user-agent "^7.0.0"

"@octokit/auth-oauth-device@^8.0.2":
  version "8.0.2"
  resolved "https://registry.yarnpkg.com/@octokit/auth-oauth-device/-/auth-oauth-device-8.0.2.tgz#2ba6a0569e12da8efe4420af2b6b33a857f62532"
  integrity sha512-KW7Ywrz7ei7JX+uClWD2DN1259fnkoKuVdhzfpQ3/GdETaCj4Tx0IjvuJrwhP/04OhcMu5yR6tjni0V6LBihdw==
  dependencies:
    "@octokit/oauth-methods" "^6.0.1"
    "@octokit/request" "^10.0.5"
    "@octokit/types" "^15.0.0"
    universal-user-agent "^7.0.0"

"@octokit/auth-oauth-user@^6.0.1":
  version "6.0.1"
  resolved "https://registry.yarnpkg.com/@octokit/auth-oauth-user/-/auth-oauth-user-6.0.1.tgz#fbd838112e5cec0329a8ebe16fe983d065aa187d"
  integrity sha512-vlKsL1KUUPvwXpv574zvmRd+/4JiDFXABIZNM39+S+5j2kODzGgjk7w5WtiQ1x24kRKNaE7v9DShNbw43UA3Hw==
  dependencies:
    "@octokit/auth-oauth-device" "^8.0.2"
    "@octokit/oauth-methods" "^6.0.1"
    "@octokit/request" "^10.0.5"
    "@octokit/types" "^15.0.0"
    universal-user-agent "^7.0.0"

"@octokit/auth-token@^6.0.0":
  version "6.0.0"
  resolved "https://registry.yarnpkg.com/@octokit/auth-token/-/auth-token-6.0.0.tgz#b02e9c08a2d8937df09a2a981f226ad219174c53"
  integrity sha512-P4YJBPdPSpWTQ1NU4XYdvHvXJJDxM6YwpS0FZHRgP7YFkdVxsWcpWGy/NVqlAA7PcPCnMacXlRm1y2PFZRWL/w==

"@octokit/auth-unauthenticated@^7.0.1":
  version "7.0.2"
  resolved "https://registry.yarnpkg.com/@octokit/auth-unauthenticated/-/auth-unauthenticated-7.0.2.tgz#3b53e1a93589ca41302fad53c33879a3c5d791c8"
  integrity sha512-vjcPRP1xsKWdYKiyKmHkLFCxeH4QvVTv05VJlZxwNToslBFcHRJlsWRaoI2+2JGCf9tIM99x8cN0b1rlAHJiQw==
  dependencies:
    "@octokit/request-error" "^7.0.1"
    "@octokit/types" "^15.0.0"

"@octokit/core@^7.0.3":
  version "7.0.5"
  resolved "https://registry.yarnpkg.com/@octokit/core/-/core-7.0.5.tgz#2611ed0a0b99a278f67e4ffdfedaea4577ca3241"
  integrity sha512-t54CUOsFMappY1Jbzb7fetWeO0n6K0k/4+/ZpkS+3Joz8I4VcvY9OiEBFRYISqaI2fq5sCiPtAjRDOzVYG8m+Q==
  dependencies:
    "@octokit/auth-token" "^6.0.0"
    "@octokit/graphql" "^9.0.2"
    "@octokit/request" "^10.0.4"
    "@octokit/request-error" "^7.0.1"
    "@octokit/types" "^15.0.0"
    before-after-hook "^4.0.0"
    universal-user-agent "^7.0.0"

"@octokit/endpoint@^11.0.1":
  version "11.0.1"
  resolved "https://registry.yarnpkg.com/@octokit/endpoint/-/endpoint-11.0.1.tgz#16c510afbe873174f2091b747abe3c21769e6b55"
  integrity sha512-7P1dRAZxuWAOPI7kXfio88trNi/MegQ0IJD3vfgC3b+LZo1Qe6gRJc2v0mz2USWWJOKrB2h5spXCzGbw+fAdqA==
  dependencies:
    "@octokit/types" "^15.0.0"
    universal-user-agent "^7.0.2"

"@octokit/graphql@^9.0.2":
  version "9.0.2"
  resolved "https://registry.yarnpkg.com/@octokit/graphql/-/graphql-9.0.2.tgz#910a626d1e11c385357d1579cc1840f1725aa6ef"
  integrity sha512-iz6KzZ7u95Fzy9Nt2L8cG88lGRMr/qy1Q36ih/XVzMIlPDMYwaNLE/ENhqmIzgPrlNWiYJkwmveEetvxAgFBJw==
  dependencies:
    "@octokit/request" "^10.0.4"
    "@octokit/types" "^15.0.0"
    universal-user-agent "^7.0.0"

"@octokit/oauth-authorization-url@^8.0.0":
  version "8.0.0"
  resolved "https://registry.yarnpkg.com/@octokit/oauth-authorization-url/-/oauth-authorization-url-8.0.0.tgz#fdbab39a07d38faaad8621a5fdf04bc0c36d63e7"
  integrity sha512-7QoLPRh/ssEA/HuHBHdVdSgF8xNLz/Bc5m9fZkArJE5bb6NmVkDm3anKxXPmN1zh6b5WKZPRr3697xKT/yM3qQ==

"@octokit/oauth-methods@^6.0.1":
  version "6.0.1"
  resolved "https://registry.yarnpkg.com/@octokit/oauth-methods/-/oauth-methods-6.0.1.tgz#326c0fbb89531b5495a3f218e7084f295fff40f4"
  integrity sha512-xi6Iut3izMCFzXBJtxxJehxJmAKjE8iwj6L5+raPRwlTNKAbOOBJX7/Z8AF5apD4aXvc2skwIdOnC+CQ4QuA8Q==
  dependencies:
    "@octokit/oauth-authorization-url" "^8.0.0"
    "@octokit/request" "^10.0.5"
    "@octokit/request-error" "^7.0.1"
    "@octokit/types" "^15.0.0"

"@octokit/openapi-types@^26.0.0":
  version "26.0.0"
  resolved "https://registry.yarnpkg.com/@octokit/openapi-types/-/openapi-types-26.0.0.tgz#a528b560dbc4f02040dc08d19575498d57fff19d"
  integrity sha512-7AtcfKtpo77j7Ts73b4OWhOZHTKo/gGY8bB3bNBQz4H+GRSWqx2yvj8TXRsbdTE0eRmYmXOEY66jM7mJ7LzfsA==

"@octokit/openapi-webhooks-types@12.0.3":
  version "12.0.3"
  resolved "https://registry.yarnpkg.com/@octokit/openapi-webhooks-types/-/openapi-webhooks-types-12.0.3.tgz#fa44fb31fbb4c444c5fd640dbbf537f00c20617c"
  integrity sha512-90MF5LVHjBedwoHyJsgmaFhEN1uzXyBDRLEBe7jlTYx/fEhPAk3P3DAJsfZwC54m8hAIryosJOL+UuZHB3K3yA==

"@octokit/plugin-enterprise-compatibility@^6.0.1":
  version "6.0.2"
  resolved "https://registry.yarnpkg.com/@octokit/plugin-enterprise-compatibility/-/plugin-enterprise-compatibility-6.0.2.tgz#cef7849d7230ac0b56eafbaca22d156a0bea0e28"
  integrity sha512-e9BjJLsnRjjvgR1Eh3+1jP4sZuucI2GuHhFJL0CGB2zSnt0Qj0HrqqD6qxvrgV1K33eXg+/acD04wkeb9L1DbA==
  dependencies:
    "@octokit/request-error" "^7.0.1"
    "@octokit/types" "^15.0.0"

"@octokit/plugin-paginate-rest@^13.1.1":
  version "13.2.1"
  resolved "https://registry.yarnpkg.com/@octokit/plugin-paginate-rest/-/plugin-paginate-rest-13.2.1.tgz#7ad36e7732a391e5ce9ce4e23fa8023127a0f162"
  integrity sha512-Tj4PkZyIL6eBMYcG/76QGsedF0+dWVeLhYprTmuFVVxzDW7PQh23tM0TP0z+1MvSkxB29YFZwnUX+cXfTiSdyw==
  dependencies:
    "@octokit/types" "^15.0.1"

"@octokit/plugin-rest-endpoint-methods@^16.0.0":
  version "16.1.1"
  resolved "https://registry.yarnpkg.com/@octokit/plugin-rest-endpoint-methods/-/plugin-rest-endpoint-methods-16.1.1.tgz#cf5e901a06c411a879e880499db8152c295b6645"
  integrity sha512-VztDkhM0ketQYSh5Im3IcKWFZl7VIrrsCaHbDINkdYeiiAsJzjhS2xRFCSJgfN6VOcsoW4laMtsmf3HcNqIimg==
  dependencies:
    "@octokit/types" "^15.0.1"

"@octokit/plugin-retry@^8.0.1":
  version "8.0.2"
  resolved "https://registry.yarnpkg.com/@octokit/plugin-retry/-/plugin-retry-8.0.2.tgz#9cb012d9e8f8ea2771052fafa0c309c56df4027a"
  integrity sha512-mVPCe77iaD8g1lIX46n9bHPUirFLzc3BfIzsZOpB7bcQh1ecS63YsAgcsyMGqvGa2ARQWKEFTrhMJX2MLJVHVw==
  dependencies:
    "@octokit/request-error" "^7.0.1"
    "@octokit/types" "^15.0.0"
    bottleneck "^2.15.3"

"@octokit/plugin-throttling@^11.0.1":
  version "11.0.2"
  resolved "https://registry.yarnpkg.com/@octokit/plugin-throttling/-/plugin-throttling-11.0.2.tgz#22727f72630ce966cd163149a55bd56a9e0434fb"
  integrity sha512-ntNIig4zZhQVOZF4fG9Wt8QCoz9ehb+xnlUwp74Ic2ANChCk8oKmRwV9zDDCtrvU1aERIOvtng8wsalEX7Jk5Q==
  dependencies:
    "@octokit/types" "^15.0.0"
    bottleneck "^2.15.3"

"@octokit/request-error@^7.0.0", "@octokit/request-error@^7.0.1":
  version "7.0.1"
  resolved "https://registry.yarnpkg.com/@octokit/request-error/-/request-error-7.0.1.tgz#2651faef1ed387583d73d9a38452b216a5c6975d"
  integrity sha512-CZpFwV4+1uBrxu7Cw8E5NCXDWFNf18MSY23TdxCBgjw1tXXHvTrZVsXlW8hgFTOLw8RQR1BBrMvYRtuyaijHMA==
  dependencies:
    "@octokit/types" "^15.0.0"

"@octokit/request@^10.0.3", "@octokit/request@^10.0.4", "@octokit/request@^10.0.5":
  version "10.0.5"
  resolved "https://registry.yarnpkg.com/@octokit/request/-/request-10.0.5.tgz#bbe476579db7876af783a10b802bdc37903c2220"
  integrity sha512-TXnouHIYLtgDhKo+N6mXATnDBkV05VwbR0TtMWpgTHIoQdRQfCSzmy/LGqR1AbRMbijq/EckC/E3/ZNcU92NaQ==
  dependencies:
    "@octokit/endpoint" "^11.0.1"
    "@octokit/request-error" "^7.0.1"
    "@octokit/types" "^15.0.0"
    fast-content-type-parse "^3.0.0"
    universal-user-agent "^7.0.2"

"@octokit/types@^15.0.0", "@octokit/types@^15.0.1":
  version "15.0.1"
  resolved "https://registry.yarnpkg.com/@octokit/types/-/types-15.0.1.tgz#1e84e1e9b783b828b9616a113b174d7fec6a5618"
  integrity sha512-sdiirM93IYJ9ODDCBgmRPIboLbSkpLa5i+WLuXH8b8Atg+YMLAyLvDDhNWLV4OYd08tlvYfVm/dw88cqHWtw1Q==
  dependencies:
    "@octokit/openapi-types" "^26.0.0"

"@octokit/webhooks-methods@^6.0.0":
  version "6.0.0"
  resolved "https://registry.yarnpkg.com/@octokit/webhooks-methods/-/webhooks-methods-6.0.0.tgz#34abf78aec6f826fe561cfe79d2ebb1950d1d25f"
  integrity sha512-MFlzzoDJVw/GcbfzVC1RLR36QqkTLUf79vLVO3D+xn7r0QgxnFoLZgtrzxiQErAjFUOdH6fas2KeQJ1yr/qaXQ==

"@octokit/webhooks@^14.1.2":
  version "14.1.3"
  resolved "https://registry.yarnpkg.com/@octokit/webhooks/-/webhooks-14.1.3.tgz#2d0bed71b07745c0b33363d69e0ae0e440469a18"
  integrity sha512-gcK4FNaROM9NjA0mvyfXl0KPusk7a1BeA8ITlYEZVQCXF5gcETTd4yhAU0Kjzd8mXwYHppzJBWgdBVpIR9wUcQ==
  dependencies:
    "@octokit/openapi-webhooks-types" "12.0.3"
    "@octokit/request-error" "^7.0.0"
    "@octokit/webhooks-methods" "^6.0.0"

"@pinojs/redact@^0.4.0":
  version "0.4.0"
  resolved "https://registry.yarnpkg.com/@pinojs/redact/-/redact-0.4.0.tgz#c3de060dd12640dcc838516aa2a6803cc7b2e9d6"
  integrity sha512-k2ENnmBugE/rzQfEcdWHcCY+/FM3VLzH9cYEsbdsoqrvzAKRhUZeRNhAZvB8OitQJ1TBed3yqWtdjzS6wJKBwg==

"@probot/adapter-github-actions@^5.0.1":
  version "5.0.1"
  resolved "https://registry.yarnpkg.com/@probot/adapter-github-actions/-/adapter-github-actions-5.0.1.tgz#dad31ce4fb7243d6aff454971ec822fc365979c7"
  integrity sha512-HrvJ6kd5KxSHgS5FOAetGITz+0SONgjtZYrk9F/C1nSABSf14pmOHIIV8KcbojVBfDZI/SKt1AWJWRqyPbsorw==
  dependencies:
    "@actions/core" "^1.10.1"
    pino "^10.0.0"
    probot "^14.0.2"
    through2 "^4.0.2"

"@probot/get-private-key@^2.1.1":
  version "2.1.1"
  resolved "https://registry.yarnpkg.com/@probot/get-private-key/-/get-private-key-2.1.1.tgz#87a6d9015a5fd8bea3516d2ff64f83f316865685"
  integrity sha512-i20LJE0751wWDCiTQmyS6UM65vNWOZMim/DAxIFQWfoPJSBPdFPgNffG1XbTiMfl4et8JCBZWab9ldxDtzhcWw==

"@probot/octokit-plugin-config@^4.0.0":
  version "4.0.0"
  resolved "https://registry.yarnpkg.com/@probot/octokit-plugin-config/-/octokit-plugin-config-4.0.0.tgz#07b48a8153e2f35965312f3b4375f89314e86c9a"
  integrity sha512-FkwCTtrcJJqZjoacIgWrZASAz9FxI5grr0mMkRBRfcV/oM3WyQTiPdlFIWzUCC7Rnrz94N7p7ujN/27HCZT/dQ==
  dependencies:
    js-yaml "^4.1.0"

"@probot/pino@^5.0.1":
  version "5.0.1"
  resolved "https://registry.yarnpkg.com/@probot/pino/-/pino-5.0.1.tgz#a00e2cb9f32568248291dd9f40c57ff568d1617c"
  integrity sha512-ULNKXY9jewO1/BHME3ZmsP3yHYocJBErT5D5fWxaQnoHNS635mTqBI2NszIGZO/56/i/lRFm+J9gp2NOkM6yjQ==
  dependencies:
    npx-import-light "^1.0.0"
    pino-pretty "^13.0.0"
    pump "^3.0.0"
    split2 "^4.0.0"

"@vercel/ncc@^0.38.3":
  version "0.38.3"
  resolved "https://registry.yarnpkg.com/@vercel/ncc/-/ncc-0.38.3.tgz#5475eeee3ac0f1a439f237596911525a490a88b5"
  integrity sha512-rnK6hJBS6mwc+Bkab+PGPs9OiS0i/3kdTO+CkI8V0/VrW3vmz7O2Pxjw/owOlmo6PKEIxRSeZKv/kuL9itnpYA==

argparse@^2.0.1:
  version "2.0.1"
  resolved "https://registry.yarnpkg.com/argparse/-/argparse-2.0.1.tgz#246f50f3ca78a3240f6c997e8a9bd1eac49e4b38"
  integrity sha512-8+9WqebbFzpX9OR+Wa6O29asIogeRMzcGtAINdpMHHyAg10f05aSFVBbcEqGf/PXw1EjAZ+q2/bEBg3DvurK3Q==

atomic-sleep@^1.0.0:
  version "1.0.0"
  resolved "https://registry.yarnpkg.com/atomic-sleep/-/atomic-sleep-1.0.0.tgz#eb85b77a601fc932cfe432c5acd364a9e2c9075b"
  integrity sha512-kNOjDqAh7px0XWNI+4QbzoiR/nTkHAWNud2uvnJquD1/x5a7EQZMJT0AczqK0Qn67oY/TTQ1LbUKajZpp3I9tQ==

before-after-hook@^4.0.0:
  version "4.0.0"
  resolved "https://registry.yarnpkg.com/before-after-hook/-/before-after-hook-4.0.0.tgz#cf1447ab9160df6a40f3621da64d6ffc36050cb9"
  integrity sha512-q6tR3RPqIB1pMiTRMFcZwuG5T8vwp+vUvEG0vuI6B+Rikh5BfPp2fQ82c925FOs+b0lcFQ8CFrL+KbilfZFhOQ==

bottleneck@^2.15.3, bottleneck@^2.19.5:
  version "2.19.5"
  resolved "https://registry.yarnpkg.com/bottleneck/-/bottleneck-2.19.5.tgz#5df0b90f59fd47656ebe63c78a98419205cadd91"
  integrity sha512-VHiNCbI1lKdl44tGrhNfU3lup0Tj/ZBMJB5/2ZbNXRCPuRCO7ed2mgcK4r17y+KB2EfuYuRaVlwNbAeaWGSpbw==

colorette@^2.0.7:
  version "2.0.20"
  resolved "https://registry.yarnpkg.com/colorette/-/colorette-2.0.20.tgz#9eb793e6833067f7235902fcd3b09917a000a95a"
  integrity sha512-IfEDxwoWIjkeXL1eXcDiow4UbKjhLdq6/EuSVR9GMN7KVH3r9gQ83e73hsz1Nd1T3ijd5xv1wcWRYO+D6kCI2w==

dateformat@^4.6.3:
  version "4.6.3"
  resolved "https://registry.yarnpkg.com/dateformat/-/dateformat-4.6.3.tgz#556fa6497e5217fedb78821424f8a1c22fa3f4b5"
  integrity sha512-2P0p0pFGzHS5EMnhdxQi7aJN+iMheud0UhG4dlE1DLAlvL8JHjJJTX/CSm4JXwV0Ka5nGk3zC5mcb5bUQUxxMA==

deepmerge@^4.3.1:
  version "4.3.1"
  resolved "https://registry.yarnpkg.com/deepmerge/-/deepmerge-4.3.1.tgz#44b5f2147cd3b00d4b56137685966f26fd25dd4a"
  integrity sha512-3sUqbMEc77XqpdNO7FRyRog+eW3ph+GYCbj+rK+uYyRMuwsVy0rMiVtPn+QJlKFvWP/1PYpapqYn0Me2knFn+A==

dotenv@^17.0.0:
  version "17.2.3"
  resolved "https://registry.yarnpkg.com/dotenv/-/dotenv-17.2.3.tgz#ad995d6997f639b11065f419a22fabf567cdb9a2"
  integrity sha512-JVUnt+DUIzu87TABbhPmNfVdBDt18BLOWjMUFJMSi/Qqg7NTYtabbvSNJGOJ7afbRuv9D/lngizHtP7QyLQ+9w==

end-of-stream@^1.1.0:
  version "1.4.4"
  resolved "https://registry.yarnpkg.com/end-of-stream/-/end-of-stream-1.4.4.tgz#5ae64a5f45057baf3626ec14da0ca5e4b2431eb0"
  integrity sha512-+uw1inIHVPQoaVuHzRyXd21icM+cnt4CzD5rW+NC1wjOUSTOs+Te7FOv7AhN7vS9x/oIyhLP5PR1H+phQAHu5Q==
  dependencies:
    once "^1.4.0"

fast-content-type-parse@^3.0.0:
  version "3.0.0"
  resolved "https://registry.yarnpkg.com/fast-content-type-parse/-/fast-content-type-parse-3.0.0.tgz#5590b6c807cc598be125e6740a9fde589d2b7afb"
  integrity sha512-ZvLdcY8P+N8mGQJahJV5G4U88CSvT1rP8ApL6uETe88MBXrBHAkZlSEySdUlyztF7ccb+Znos3TFqaepHxdhBg==

fast-copy@^3.0.2:
  version "3.0.2"
  resolved "https://registry.yarnpkg.com/fast-copy/-/fast-copy-3.0.2.tgz#59c68f59ccbcac82050ba992e0d5c389097c9d35"
  integrity sha512-dl0O9Vhju8IrcLndv2eU4ldt1ftXMqqfgN4H1cpmGV7P6jeB9FwpN9a2c8DPGE1Ys88rNUJVYDHq73CGAGOPfQ==

fast-safe-stringify@^2.1.1:
  version "2.1.1"
  resolved "https://registry.yarnpkg.com/fast-safe-stringify/-/fast-safe-stringify-2.1.1.tgz#c406a83b6e70d9e35ce3b30a81141df30aeba884"
  integrity sha512-W+KJc2dmILlPplD/H4K9l9LcAHAfPtP6BY84uVLXQ6Evcz9Lcg33Y2z1IVblT6xdY54PXYVHEv+0Wpq8Io6zkA==

find-up-simple@^1.0.0:
  version "1.0.1"
  resolved "https://registry.yarnpkg.com/find-up-simple/-/find-up-simple-1.0.1.tgz#18fb90ad49e45252c4d7fca56baade04fa3fca1e"
  integrity sha512-afd4O7zpqHeRyg4PfDQsXmlDe2PfdHtJt6Akt8jOWaApLOZk5JXs6VMR29lz03pRe9mpykrRCYIYxaJYcfpncQ==

get-caller-file@^2.0.5:
  version "2.0.5"
  resolved "https://registry.yarnpkg.com/get-caller-file/-/get-caller-file-2.0.5.tgz#4f94412a82db32f36e3b0b9741f8a97feb031f7e"
  integrity sha512-DyFP3BM/3YHTQOCUL/w0OZHR0lpKeGrxotcHWcqNEdnltqFwXVfhEBQ94eIo34AfQpo0rGki4cyIiftY06h2Fg==

help-me@^5.0.0:
  version "5.0.0"
  resolved "https://registry.yarnpkg.com/help-me/-/help-me-5.0.0.tgz#b1ebe63b967b74060027c2ac61f9be12d354a6f6"
  integrity sha512-7xgomUX6ADmcYzFik0HzAxh/73YlKR9bmFzf51CZwR+b6YtzU2m0u49hQCqV6SvlqIqsaxovfwdvbnsw3b/zpg==

import-meta-resolve@^4.1.0:
  version "4.2.0"
  resolved "https://registry.yarnpkg.com/import-meta-resolve/-/import-meta-resolve-4.2.0.tgz#08cb85b5bd37ecc8eb1e0f670dc2767002d43734"
  integrity sha512-Iqv2fzaTQN28s/FwZAoFq0ZSs/7hMAHJVX+w8PZl3cY19Pxk6jFFalxQoIfW2826i/fDLXv8IiEZRIT0lDuWcg==

inherits@^2.0.3:
  version "2.0.4"
  resolved "https://registry.yarnpkg.com/inherits/-/inherits-2.0.4.tgz#0fa2c64f932917c3433a0ded55363aae37416b7c"
  integrity sha512-k/vGaX4/Yla3WzyMCvTQOXYeIHvqOKtnqBduzTHpzpQZzAskKMhZ2K+EnBiSM9zGSoIFeMpXKxa4dYeZIQqewQ==

joycon@^3.1.1:
  version "3.1.1"
  resolved "https://registry.yarnpkg.com/joycon/-/joycon-3.1.1.tgz#bce8596d6ae808f8b68168f5fc69280996894f03"
  integrity sha512-34wB/Y7MW7bzjKRjUKTa46I2Z7eV62Rkhva+KkopW7Qvv/OSWBqvkSY7vusOPrNuZcUG3tApvdVgNB8POj3SPw==

js-yaml@^4.1.0:
  version "4.1.0"
  resolved "https://registry.yarnpkg.com/js-yaml/-/js-yaml-4.1.0.tgz#c1fb65f8f5017901cdd2c951864ba18458a10602"
  integrity sha512-wpxZs9NoxZaJESJGIZTyDEaYpl0FKSA+FB9aJiyemKhMwkxQg63h4T1KJgUGHpTqPDNRcmmYLugrRjJlBtWvRA==
  dependencies:
    argparse "^2.0.1"

load-json-file@^7.0.1:
  version "7.0.1"
  resolved "https://registry.yarnpkg.com/load-json-file/-/load-json-file-7.0.1.tgz#a3c9fde6beffb6bedb5acf104fad6bb1604e1b00"
  integrity sha512-Gnxj3ev3mB5TkVBGad0JM6dmLiQL+o0t23JPBZ9sd+yvSLk05mFoqKBw5N8gbbkU4TNXyqCgIrl/VM17OgUIgQ==

minimist@^1.2.6:
  version "1.2.8"
  resolved "https://registry.yarnpkg.com/minimist/-/minimist-1.2.8.tgz#c1a464e7693302e082a075cee0c057741ac4772c"
  integrity sha512-2yyAR8qBkN3YuheJanUpWC5U3bb5osDywNB8RzDVlDwDHbocAJveqqj1u8+SVD7jkWT4yvsHCpWqqWqAxb0zCA==

npx-import-light@^1.0.0:
  version "1.0.0"
  resolved "https://registry.yarnpkg.com/npx-import-light/-/npx-import-light-1.0.0.tgz#8d9054d7f9d1908cbb1d3ae729a1d0042e1d41ef"
  integrity sha512-OgOY4wh4tfj6G7nKYobbpYg2yhYH/19dz/ZRzcOGN+rP3wjLHTRb6ZMM5UshLu4gbDdwwZ8VX2fXBr4krsYHzQ==

octokit-auth-probot@^4.0.1:
  version "4.2.1"
  resolved "https://registry.yarnpkg.com/octokit-auth-probot/-/octokit-auth-probot-4.2.1.tgz#f1eee645de6ff4f989325d548be011297cb8d131"
  integrity sha512-4PXJeYfg/LLp4efbReghx9yssIWVvrJKN5lh8nUxOuXreR+IEM2b8bg/QLT7bZNOwoTgii+1XjgJYof0WGvdIg==
  dependencies:
    "@octokit/auth-app" "^8.1.0"
    "@octokit/auth-token" "^6.0.0"
    "@octokit/auth-unauthenticated" "^7.0.1"
    "@octokit/types" "^15.0.0"

on-exit-leak-free@^2.1.0:
  version "2.1.2"
  resolved "https://registry.yarnpkg.com/on-exit-leak-free/-/on-exit-leak-free-2.1.2.tgz#fed195c9ebddb7d9e4c3842f93f281ac8dadd3b8"
  integrity sha512-0eJJY6hXLGf1udHwfNftBqH+g73EU4B504nZeKpz1sYRKafAghwxEJunB2O7rDZkL4PGfsMVnTXZ2EjibbqcsA==

once@^1.3.1, once@^1.4.0:
  version "1.4.0"
  resolved "https://registry.yarnpkg.com/once/-/once-1.4.0.tgz#583b1aa775961d4b113ac17d9c50baef9dd76bd1"
  integrity sha512-lNaJgI+2Q5URQBkccEKHTQOPaXdUxnZZElQTZY0MFUAuaEqe1E+Nyvgdz/aIyNi6Z9MzO5dv1H8n58/GELp3+w==
  dependencies:
    wrappy "1"

package-config@^5.0.0:
  version "5.0.0"
  resolved "https://registry.yarnpkg.com/package-config/-/package-config-5.0.0.tgz#cba78b7feb3396fa0149caca2c72677ff302b3c4"
  integrity sha512-GYTTew2slBcYdvRHqjhwaaydVMvn/qrGC323+nKclYioNSLTDUM/lGgtGTgyHVtYcozb+XkE8CNhwcraOmZ9Mg==
  dependencies:
    find-up-simple "^1.0.0"
    load-json-file "^7.0.1"

pino-abstract-transport@^2.0.0:
  version "2.0.0"
  resolved "https://registry.yarnpkg.com/pino-abstract-transport/-/pino-abstract-transport-2.0.0.tgz#de241578406ac7b8a33ce0d77ae6e8a0b3b68a60"
  integrity sha512-F63x5tizV6WCh4R6RHyi2Ml+M70DNRXt/+HANowMflpgGFMAym/VKm6G7ZOQRjqN7XbGxK1Lg9t6ZrtzOaivMw==
  dependencies:
    split2 "^4.0.0"

pino-http@^11.0.0:
  version "11.0.0"
  resolved "https://registry.yarnpkg.com/pino-http/-/pino-http-11.0.0.tgz#ebadef4694fc59aadab9be7e5939aea625b4615f"
  integrity sha512-wqg5XIAGRRIWtTk8qPGxkbrfiwEWz1lgedVLvhLALudKXvg1/L2lTFgTGPJ4Z2e3qcRmxoFxDuSdMdMGNM6I1g==
  dependencies:
    get-caller-file "^2.0.5"
    pino "^10.0.0"
    pino-std-serializers "^7.0.0"
    process-warning "^5.0.0"

pino-pretty@^13.0.0:
  version "13.1.2"
  resolved "https://registry.yarnpkg.com/pino-pretty/-/pino-pretty-13.1.2.tgz#4e7484f2c5d02cce03159b96aa04697bf9e84ff6"
  integrity sha512-3cN0tCakkT4f3zo9RXDIhy6GTvtYD6bK4CRBLN9j3E/ePqN1tugAXD5rGVfoChW6s0hiek+eyYlLNqc/BG7vBQ==
  dependencies:
    colorette "^2.0.7"
    dateformat "^4.6.3"
    fast-copy "^3.0.2"
    fast-safe-stringify "^2.1.1"
    help-me "^5.0.0"
    joycon "^3.1.1"
    minimist "^1.2.6"
    on-exit-leak-free "^2.1.0"
    pino-abstract-transport "^2.0.0"
    pump "^3.0.0"
    secure-json-parse "^4.0.0"
    sonic-boom "^4.0.1"
    strip-json-comments "^5.0.2"

pino-std-serializers@^7.0.0:
  version "7.0.0"
  resolved "https://registry.yarnpkg.com/pino-std-serializers/-/pino-std-serializers-7.0.0.tgz#7c625038b13718dbbd84ab446bd673dc52259e3b"
  integrity sha512-e906FRY0+tV27iq4juKzSYPbUj2do2X2JX4EzSca1631EB2QJQUqGbDuERal7LCtOpxl6x3+nvo9NPZcmjkiFA==

pino@^10.0.0:
  version "10.1.0"
  resolved "https://registry.yarnpkg.com/pino/-/pino-10.1.0.tgz#eb2a8a5b509fe4c75643ccec30461ea24766003a"
  integrity sha512-0zZC2ygfdqvqK8zJIr1e+wT1T/L+LF6qvqvbzEQ6tiMAoTqEVK9a1K3YRu8HEUvGEvNqZyPJTtb2sNIoTkB83w==
  dependencies:
    "@pinojs/redact" "^0.4.0"
    atomic-sleep "^1.0.0"
    on-exit-leak-free "^2.1.0"
    pino-abstract-transport "^2.0.0"
    pino-std-serializers "^7.0.0"
    process-warning "^5.0.0"
    quick-format-unescaped "^4.0.3"
    real-require "^0.2.0"
    safe-stable-stringify "^2.3.1"
    sonic-boom "^4.0.1"
    thread-stream "^3.0.0"

prettier@^3.4.2:
  version "3.4.2"
  resolved "https://registry.yarnpkg.com/prettier/-/prettier-3.4.2.tgz#a5ce1fb522a588bf2b78ca44c6e6fe5aa5a2b13f"
  integrity sha512-e9MewbtFo+Fevyuxn/4rrcDAaq0IYxPGLvObpQjiZBMAzB9IGmzlnG9RZy3FFas+eBMu2vA0CszMeduow5dIuQ==

probot@^14.0.2:
  version "14.2.1"
  resolved "https://registry.yarnpkg.com/probot/-/probot-14.2.1.tgz#df4d6582c96a41e521ac3987e9f5a881c013b000"
  integrity sha512-McW8rn1X7UA6lR6GfruHrrwFbkwBwnPeYfmX7F1fuaEPhE0oFdg+cwIxp4Z7ez31kz/ABAeWdDBigOCr3b+zXw==
  dependencies:
    "@octokit/core" "^7.0.3"
    "@octokit/plugin-enterprise-compatibility" "^6.0.1"
    "@octokit/plugin-paginate-rest" "^13.1.1"
    "@octokit/plugin-rest-endpoint-methods" "^16.0.0"
    "@octokit/plugin-retry" "^8.0.1"
    "@octokit/plugin-throttling" "^11.0.1"
    "@octokit/request" "^10.0.3"
    "@octokit/types" "^15.0.0"
    "@octokit/webhooks" "^14.1.2"
    "@probot/get-private-key" "^2.1.1"
    "@probot/octokit-plugin-config" "^4.0.0"
    "@probot/pino" "^5.0.1"
    bottleneck "^2.19.5"
    deepmerge "^4.3.1"
    dotenv "^17.0.0"
    import-meta-resolve "^4.1.0"
    npx-import-light "^1.0.0"
    octokit-auth-probot "^4.0.1"
    package-config "^5.0.0"
    pino "^10.0.0"
    pino-http "^11.0.0"
    toad-cache "^3.7.0"
    yaml "^2.8.1"

process-warning@^5.0.0:
  version "5.0.0"
  resolved "https://registry.yarnpkg.com/process-warning/-/process-warning-5.0.0.tgz#566e0bf79d1dff30a72d8bbbe9e8ecefe8d378d7"
  integrity sha512-a39t9ApHNx2L4+HBnQKqxxHNs1r7KF+Intd8Q/g1bUh6q0WIp9voPXJ/x0j+ZL45KF1pJd9+q2jLIRMfvEshkA==

pump@^3.0.0:
  version "3.0.2"
  resolved "https://registry.yarnpkg.com/pump/-/pump-3.0.2.tgz#836f3edd6bc2ee599256c924ffe0d88573ddcbf8"
  integrity sha512-tUPXtzlGM8FE3P0ZL6DVs/3P58k9nk8/jZeQCurTJylQA8qFYzHFfhBJkuqyE0FifOsQ0uKWekiZ5g8wtr28cw==
  dependencies:
    end-of-stream "^1.1.0"
    once "^1.3.1"

quick-format-unescaped@^4.0.3:
  version "4.0.4"
  resolved "https://registry.yarnpkg.com/quick-format-unescaped/-/quick-format-unescaped-4.0.4.tgz#93ef6dd8d3453cbc7970dd614fad4c5954d6b5a7"
  integrity sha512-tYC1Q1hgyRuHgloV/YXs2w15unPVh8qfu/qCTfhTYamaw7fyhumKa2yGpdSo87vY32rIclj+4fWYQXUMs9EHvg==

readable-stream@3:
  version "3.6.2"
  resolved "https://registry.yarnpkg.com/readable-stream/-/readable-stream-3.6.2.tgz#56a9b36ea965c00c5a93ef31eb111a0f11056967"
  integrity sha512-9u/sniCrY3D5WdsERHzHE4G2YCXqoG5FTHUiCC4SIbr6XcLZBY05ya9EKjYek9O5xOAwjGq+1JdGBAS7Q9ScoA==
  dependencies:
    inherits "^2.0.3"
    string_decoder "^1.1.1"
    util-deprecate "^1.0.1"

real-require@^0.2.0:
  version "0.2.0"
  resolved "https://registry.yarnpkg.com/real-require/-/real-require-0.2.0.tgz#209632dea1810be2ae063a6ac084fee7e33fba78"
  integrity sha512-57frrGM/OCTLqLOAh0mhVA9VBMHd+9U7Zb2THMGdBUoZVOtGbJzjxsYGDJ3A9AYYCP4hn6y1TVbaOfzWtm5GFg==

safe-buffer@~5.2.0:
  version "5.2.1"
  resolved "https://registry.yarnpkg.com/safe-buffer/-/safe-buffer-5.2.1.tgz#1eaf9fa9bdb1fdd4ec75f58f9cdb4e6b7827eec6"
  integrity sha512-rp3So07KcdmmKbGvgaNxQSJr7bGVSVk5S9Eq1F+ppbRo70+YeaDxkw5Dd8NPN+GD6bjnYm2VuPuCXmpuYvmCXQ==

safe-stable-stringify@^2.3.1:
  version "2.5.0"
  resolved "https://registry.yarnpkg.com/safe-stable-stringify/-/safe-stable-stringify-2.5.0.tgz#4ca2f8e385f2831c432a719b108a3bf7af42a1dd"
  integrity sha512-b3rppTKm9T+PsVCBEOUR46GWI7fdOs00VKZ1+9c1EWDaDMvjQc6tUwuFyIprgGgTcWoVHSKrU8H31ZHA2e0RHA==

secure-json-parse@^4.0.0:
  version "4.1.0"
  resolved "https://registry.yarnpkg.com/secure-json-parse/-/secure-json-parse-4.1.0.tgz#4f1ab41c67a13497ea1b9131bb4183a22865477c"
  integrity sha512-l4KnYfEyqYJxDwlNVyRfO2E4NTHfMKAWdUuA8J0yve2Dz/E/PdBepY03RvyJpssIpRFwJoCD55wA+mEDs6ByWA==

sonic-boom@^4.0.1:
  version "4.2.0"
  resolved "https://registry.yarnpkg.com/sonic-boom/-/sonic-boom-4.2.0.tgz#e59a525f831210fa4ef1896428338641ac1c124d"
  integrity sha512-INb7TM37/mAcsGmc9hyyI6+QR3rR1zVRu36B0NeGXKnOOLiZOfER5SA+N7X7k3yUYRzLWafduTDvJAfDswwEww==
  dependencies:
    atomic-sleep "^1.0.0"

split2@^4.0.0:
  version "4.2.0"
  resolved "https://registry.yarnpkg.com/split2/-/split2-4.2.0.tgz#c9c5920904d148bab0b9f67145f245a86aadbfa4"
  integrity sha512-UcjcJOWknrNkF6PLX83qcHM6KHgVKNkV62Y8a5uYDVv9ydGQVwAHMKqHdJje1VTWpljG0WYpCDhrCdAOYH4TWg==

string_decoder@^1.1.1:
  version "1.3.0"
  resolved "https://registry.yarnpkg.com/string_decoder/-/string_decoder-1.3.0.tgz#42f114594a46cf1a8e30b0a84f56c78c3edac21e"
  integrity sha512-hkRX8U1WjJFd8LsDJ2yQ/wWWxaopEsABU1XfkM8A+j0+85JAGppt16cr1Whg6KIbb4okU6Mql6BOj+uup/wKeA==
  dependencies:
    safe-buffer "~5.2.0"

strip-json-comments@^5.0.2:
  version "5.0.3"
  resolved "https://registry.yarnpkg.com/strip-json-comments/-/strip-json-comments-5.0.3.tgz#b7304249dd402ee67fd518ada993ab3593458bcf"
  integrity sha512-1tB5mhVo7U+ETBKNf92xT4hrQa3pm0MZ0PQvuDnWgAAGHDsfp4lPSpiS6psrSiet87wyGPh9ft6wmhOMQ0hDiw==

thread-stream@^3.0.0:
  version "3.1.0"
  resolved "https://registry.yarnpkg.com/thread-stream/-/thread-stream-3.1.0.tgz#4b2ef252a7c215064507d4ef70c05a5e2d34c4f1"
  integrity sha512-OqyPZ9u96VohAyMfJykzmivOrY2wfMSf3C5TtFJVgN+Hm6aj+voFhlK+kZEIv2FBh1X6Xp3DlnCOfEQ3B2J86A==
  dependencies:
    real-require "^0.2.0"

through2@^4.0.2:
  version "4.0.2"
  resolved "https://registry.yarnpkg.com/through2/-/through2-4.0.2.tgz#a7ce3ac2a7a8b0b966c80e7c49f0484c3b239764"
  integrity sha512-iOqSav00cVxEEICeD7TjLB1sueEL+81Wpzp2bY17uZjZN0pWZPuo4suZ/61VujxmqSGFfgOcNuTZ85QJwNZQpw==
  dependencies:
    readable-stream "3"

toad-cache@^3.7.0:
  version "3.7.0"
  resolved "https://registry.yarnpkg.com/toad-cache/-/toad-cache-3.7.0.tgz#b9b63304ea7c45ec34d91f1d2fa513517025c441"
  integrity sha512-/m8M+2BJUpoJdgAHoG+baCwBT+tf2VraSfkBgl0Y00qIWt41DJ8R5B8nsEw0I58YwF5IZH6z24/2TobDKnqSWw==

tunnel@^0.0.6:
  version "0.0.6"
  resolved "https://registry.yarnpkg.com/tunnel/-/tunnel-0.0.6.tgz#72f1314b34a5b192db012324df2cc587ca47f92c"
  integrity sha512-1h/Lnq9yajKY2PEbBadPXj3VxsDDu844OnaAo52UVmIzIvwwtBPIuNvkjuzBlTWpfJyUbG3ez0KSBibQkj4ojg==

typescript@^5.7.2:
  version "5.7.2"
  resolved "https://registry.yarnpkg.com/typescript/-/typescript-5.7.2.tgz#3169cf8c4c8a828cde53ba9ecb3d2b1d5dd67be6"
  integrity sha512-i5t66RHxDvVN40HfDd1PsEThGNnlMCMT3jMUuoh9/0TaqWevNontacunWyN02LA9/fIbEWlcHZcgTKb9QoaLfg==

undici@^5.25.4:
  version "5.28.4"
  resolved "https://registry.yarnpkg.com/undici/-/undici-5.28.4.tgz#6b280408edb6a1a604a9b20340f45b422e373068"
  integrity sha512-72RFADWFqKmUb2hmmvNODKL3p9hcB6Gt2DOQMis1SEBaV6a4MH8soBvzg+95CYhCKPFedut2JY9bMfrDl9D23g==
  dependencies:
    "@fastify/busboy" "^2.0.0"

universal-github-app-jwt@^2.2.0:
  version "2.2.2"
  resolved "https://registry.yarnpkg.com/universal-github-app-jwt/-/universal-github-app-jwt-2.2.2.tgz#38537e5a7d154085a35f97601a5e30e9e17717df"
  integrity sha512-dcmbeSrOdTnsjGjUfAlqNDJrhxXizjAz94ija9Qw8YkZ1uu0d+GoZzyH+Jb9tIIqvGsadUfwg+22k5aDqqwzbw==

universal-user-agent@^7.0.0, universal-user-agent@^7.0.2:
  version "7.0.3"
  resolved "https://registry.yarnpkg.com/universal-user-agent/-/universal-user-agent-7.0.3.tgz#c05870a58125a2dc00431f2df815a77fe69736be"
  integrity sha512-TmnEAEAsBJVZM/AADELsK76llnwcf9vMKuPz8JflO1frO8Lchitr0fNaN9d+Ap0BjKtqWqd/J17qeDnXh8CL2A==

util-deprecate@^1.0.1:
  version "1.0.2"
  resolved "https://registry.yarnpkg.com/util-deprecate/-/util-deprecate-1.0.2.tgz#450d4dc9fa70de732762fbd2d4a28981419a0ccf"
  integrity sha512-EPD5q1uXyFxJpCrLnCc1nHnq3gOa6DZBocAIiI2TaSCA7VCJ1UJDMagCzIkXNsUYfD1daK//LTEQ8xiIbrHtcw==

wrappy@1:
  version "1.0.2"
  resolved "https://registry.yarnpkg.com/wrappy/-/wrappy-1.0.2.tgz#b5243d8f3ec1aa35f1364605bc0d1036e30ab69f"
  integrity sha512-l4Sp/DRseor9wL6EvV2+TuQn63dMkPjZ/sp9XkghTEbV9KlPS1xUsZ3u7/IQO4wxtcFB4bgpQPRcR3QCvezPcQ==

yaml@^2.8.1:
  version "2.8.1"
  resolved "https://registry.yarnpkg.com/yaml/-/yaml-2.8.1.tgz#1870aa02b631f7e8328b93f8bc574fac5d6c4d79"
  integrity sha512-lcYcMxX2PO9XMGvAJkJ3OsNMw+/7FKes7/hgerGUYWIoWu5j/+YQqcZr5JnPZWzOsEBgMbSbiSTn/dv/69Mkpw==
